{
  "name": "streamvis-client",
  "version": "1.0.0",
  "lockfileVersion": 3,
  "requires": true,
  "packages": {
    "": {
      "name": "streamvis-client",
      "version": "1.0.0",
      "license": "ISC",
      "dependencies": {
        "@bufbuild/protobuf": "2.9.0",
        "@connectrpc/connect": "2.1.0",
        "@connectrpc/connect-web": "2.1.0",
        "google-protobuf": "^4.0.0"
      },
      "devDependencies": {
        "@bufbuild/buf": "1.58.0",
        "@bufbuild/protoc-gen-es": "2.9.0",
        "grpc-web": "^2.0.2"
      }
    },
    "node_modules/@bufbuild/buf": {
      "version": "1.58.0",
      "resolved": "https://registry.npmjs.org/@bufbuild/buf/-/buf-1.58.0.tgz",
      "integrity": "sha512-/R+6kyZijftKDFLwY2JlvXqreZrIkz6jvcsmILXC0HwjkJ8dcADSPS93CFTZrtDQfui6K/GCJOsZrNbY5SLRyA==",
      "dev": true,
      "hasInstallScript": true,
      "license": "Apache-2.0",
      "bin": {
        "buf": "bin/buf",
        "protoc-gen-buf-breaking": "bin/protoc-gen-buf-breaking",
        "protoc-gen-buf-lint": "bin/protoc-gen-buf-lint"
      },
      "engines": {
        "node": ">=12"
      },
      "optionalDependencies": {
        "@bufbuild/buf-darwin-arm64": "1.58.0",
        "@bufbuild/buf-darwin-x64": "1.58.0",
        "@bufbuild/buf-linux-aarch64": "1.58.0",
        "@bufbuild/buf-linux-armv7": "1.58.0",
        "@bufbuild/buf-linux-x64": "1.58.0",
        "@bufbuild/buf-win32-arm64": "1.58.0",
        "@bufbuild/buf-win32-x64": "1.58.0"
      }
    },
    "node_modules/@bufbuild/buf-darwin-arm64": {
      "version": "1.58.0",
      "resolved": "https://registry.npmjs.org/@bufbuild/buf-darwin-arm64/-/buf-darwin-arm64-1.58.0.tgz",
      "integrity": "sha512-bMlTG23f7oIrroVM7dijbCxwLy+fd4QOAkmnIkZ922UIuwXkexr8TWzrul4Ivs0Af6aOWNzQSyHrh3UkGNZa2A==",
      "cpu": [
        "arm64"
      ],
      "dev": true,
      "license": "Apache-2.0",
      "optional": true,
      "os": [
        "darwin"
      ],
      "engines": {
        "node": ">=12"
      }
    },
    "node_modules/@bufbuild/buf-darwin-x64": {
      "version": "1.58.0",
      "resolved": "https://registry.npmjs.org/@bufbuild/buf-darwin-x64/-/buf-darwin-x64-1.58.0.tgz",
      "integrity": "sha512-sNOu4ta7IDaQi4F66BXk76AQVCr0H10Ic7UFfU9ELs1f+FP+JYsQRU5CrWeaDWnLUTu3o4EZqwC6AvhGLOJUnw==",
      "cpu": [
        "x64"
      ],
      "dev": true,
      "license": "Apache-2.0",
      "optional": true,
      "os": [
        "darwin"
      ],
      "engines": {
        "node": ">=12"
      }
    },
    "node_modules/@bufbuild/buf-linux-aarch64": {
      "version": "1.58.0",
      "resolved": "https://registry.npmjs.org/@bufbuild/buf-linux-aarch64/-/buf-linux-aarch64-1.58.0.tgz",
      "integrity": "sha512-UE3tmIBpA4tK4Y34602UAbCFJzZVuRrFoXys5qSu9LnqhP9OF+vT6x9SXpAlQigmq3VGwNr8wgxD17ys2oDEmA==",
      "cpu": [
        "arm64"
      ],
      "dev": true,
      "license": "Apache-2.0",
      "optional": true,
      "os": [
        "linux"
      ],
      "engines": {
        "node": ">=12"
      }
    },
    "node_modules/@bufbuild/buf-linux-armv7": {
      "version": "1.58.0",
      "resolved": "https://registry.npmjs.org/@bufbuild/buf-linux-armv7/-/buf-linux-armv7-1.58.0.tgz",
      "integrity": "sha512-6V0bEseFAcNGP8IyHb1b3dEr/FpeuN6A/gHNotJ8zZbtyWsKEPsiSNomED8bARvW/3hs802khVJAUeD0duIpAw==",
      "cpu": [
        "arm"
      ],
      "dev": true,
      "license": "Apache-2.0",
      "optional": true,
      "os": [
        "linux"
      ],
      "engines": {
        "node": ">=12"
      }
    },
    "node_modules/@bufbuild/buf-linux-x64": {
      "version": "1.58.0",
      "resolved": "https://registry.npmjs.org/@bufbuild/buf-linux-x64/-/buf-linux-x64-1.58.0.tgz",
      "integrity": "sha512-k2xOlOky3IY9Zxeih5vccfp/MDfO0UPZfGYxkYJ7reNuUTtJEOWfzuQxeZY+E8q1W83RtIwGjAVhbKYCGA1MpQ==",
      "cpu": [
        "x64"
      ],
      "dev": true,
      "license": "Apache-2.0",
      "optional": true,
      "os": [
        "linux"
      ],
      "engines": {
        "node": ">=12"
      }
    },
    "node_modules/@bufbuild/buf-win32-arm64": {
      "version": "1.58.0",
      "resolved": "https://registry.npmjs.org/@bufbuild/buf-win32-arm64/-/buf-win32-arm64-1.58.0.tgz",
      "integrity": "sha512-GXNjYaOyjJ2J4hhCkldsc3r6eS1YqQ+qOHsn/PvtcxUkzV6UN5HoLoh0Bx/NStZOA4QqCEfQphLUqJLvwBuhbw==",
      "cpu": [
        "arm64"
      ],
      "dev": true,
      "license": "Apache-2.0",
      "optional": true,
      "os": [
        "win32"
      ],
      "engines": {
        "node": ">=12"
      }
    },
    "node_modules/@bufbuild/buf-win32-x64": {
      "version": "1.58.0",
      "resolved": "https://registry.npmjs.org/@bufbuild/buf-win32-x64/-/buf-win32-x64-1.58.0.tgz",
      "integrity": "sha512-5o1d/7lEeDXuTyroiro+rRmFAbKIaKjVCFZwF0pPISUmIANFzvI41UpzciMQACXCSnYQdEcNHLtZRGCzGT9GiQ==",
      "cpu": [
        "x64"
      ],
      "dev": true,
      "license": "Apache-2.0",
      "optional": true,
      "os": [
        "win32"
      ],
      "engines": {
        "node": ">=12"
      }
    },
    "node_modules/@bufbuild/protobuf": {
      "version": "2.9.0",
      "resolved": "https://registry.npmjs.org/@bufbuild/protobuf/-/protobuf-2.9.0.tgz",
      "integrity": "sha512-rnJenoStJ8nvmt9Gzye8nkYd6V22xUAnu4086ER7h1zJ508vStko4pMvDeQ446ilDTFpV5wnoc5YS7XvMwwMqA==",
      "license": "(Apache-2.0 AND BSD-3-Clause)"
    },
    "node_modules/@bufbuild/protoc-gen-es": {
      "version": "2.9.0",
      "resolved": "https://registry.npmjs.org/@bufbuild/protoc-gen-es/-/protoc-gen-es-2.9.0.tgz",
      "integrity": "sha512-g54rrHLKc7fnxN25ikynstRxR19M5G5l/hyqut2JoypJ9iU9QgUE63zEm8PNvVfBd4r5PEzWPfbWy5MNOeuMKQ==",
      "dev": true,
      "license": "Apache-2.0",
      "dependencies": {
        "@bufbuild/protobuf": "2.9.0",
        "@bufbuild/protoplugin": "2.9.0"
      },
      "bin": {
        "protoc-gen-es": "bin/protoc-gen-es"
      },
      "engines": {
        "node": ">=20"
      },
      "peerDependencies": {
        "@bufbuild/protobuf": "2.9.0"
      },
      "peerDependenciesMeta": {
        "@bufbuild/protobuf": {
          "optional": true
        }
      }
    },
    "node_modules/@bufbuild/protoplugin": {
      "version": "2.9.0",
      "resolved": "https://registry.npmjs.org/@bufbuild/protoplugin/-/protoplugin-2.9.0.tgz",
      "integrity": "sha512-uoiwNVYoTq+AyqaV1L6pBazGx5fXOO89L0NSR9/7hEfo0Y8n9T1jsKGu4mkitLmP3z+8gJREaule1mMuKBPyYw==",
      "dev": true,
      "license": "Apache-2.0",
      "dependencies": {
        "@bufbuild/protobuf": "2.9.0",
        "@typescript/vfs": "^1.5.2",
        "typescript": "5.4.5"
      }
    },
    "node_modules/@connectrpc/connect": {
      "version": "2.1.0",
      "resolved": "https://registry.npmjs.org/@connectrpc/connect/-/connect-2.1.0.tgz",
      "integrity": "sha512-xhiwnYlJNHzmFsRw+iSPIwXR/xweTvTw8x5HiwWp10sbVtd4OpOXbRgE7V58xs1EC17fzusF1f5uOAy24OkBuA==",
      "license": "Apache-2.0",
      "peerDependencies": {
        "@bufbuild/protobuf": "^2.7.0"
      }
    },
    "node_modules/@connectrpc/connect-web": {
      "version": "2.1.0",
      "resolved": "https://registry.npmjs.org/@connectrpc/connect-web/-/connect-web-2.1.0.tgz",
      "integrity": "sha512-4IBFeMeXS1RVtmmFE/MwH+vWq/5vDRKys70va+DAaWDh83Rdy0iUQOJbITUDzvonlY5as3vwfs5yy9Yp2miHSw==",
      "license": "Apache-2.0",
      "peerDependencies": {
        "@bufbuild/protobuf": "^2.7.0",
        "@connectrpc/connect": "2.1.0"
      }
    },
    "node_modules/@typescript/vfs": {
      "version": "1.6.1",
      "resolved": "https://registry.npmjs.org/@typescript/vfs/-/vfs-1.6.1.tgz",
      "integrity": "sha512-JwoxboBh7Oz1v38tPbkrZ62ZXNHAk9bJ7c9x0eI5zBfBnBYGhURdbnh7Z4smN/MV48Y5OCcZb58n972UtbazsA==",
      "dev": true,
      "license": "MIT",
      "dependencies": {
        "debug": "^4.1.1"
      },
      "peerDependencies": {
        "typescript": "*"
      }
    },
    "node_modules/debug": {
      "version": "4.4.3",
      "resolved": "https://registry.npmjs.org/debug/-/debug-4.4.3.tgz",
      "integrity": "sha512-RGwwWnwQvkVfavKVt22FGLw+xYSdzARwm0ru6DhTVA3umU5hZc28V3kO4stgYryrTlLpuvgI9GiijltAjNbcqA==",
      "dev": true,
      "license": "MIT",
      "dependencies": {
        "ms": "^2.1.3"
      },
      "engines": {
        "node": ">=6.0"
      },
      "peerDependenciesMeta": {
        "supports-color": {
          "optional": true
        }
      }
    },
    "node_modules/google-protobuf": {
      "version": "4.0.0",
      "resolved": "https://registry.npmjs.org/google-protobuf/-/google-protobuf-4.0.0.tgz",
      "integrity": "sha512-b8wmenhUMf2WNL+xIJ/slvD/hEE6V3nRnG86O2bzkBrMweM9gnqZE1dfXlDjibY3aXJXDNbAHepevYyQ7qWKsQ==",
      "license": "(BSD-3-Clause AND Apache-2.0)"
    },
    "node_modules/grpc-web": {
      "version": "2.0.2",
      "resolved": "https://registry.npmjs.org/grpc-web/-/grpc-web-2.0.2.tgz",
      "integrity": "sha512-bvBP0/d5jyVM3eGxxffJhRLAPpH6eXhJeUzBT+bSIEgUKkG4a/BotEimVeW3phP0WLnsJnkRl8uQdRf2yDLaVA==",
      "dev": true,
      "license": "Apache-2.0"
    },
    "node_modules/ms": {
      "version": "2.1.3",
      "resolved": "https://registry.npmjs.org/ms/-/ms-2.1.3.tgz",
      "integrity": "sha512-6FlzubTLZG3J2a/NVCAleEhjzq5oxgHyaCU9yYXvcLsvoVaHJq/s5xXI6/XXP6tz7R9xAOtHnSO/tXtF3WRTlA==",
      "dev": true,
      "license": "MIT"
    },
    "node_modules/typescript": {
      "version": "5.4.5",
      "resolved": "https://registry.npmjs.org/typescript/-/typescript-5.4.5.tgz",
      "integrity": "sha512-vcI4UpRgg81oIRUFwR0WSIHKt11nJ7SAVlYNIu+QpqeyXP+gpQJy/Z4+F0aGxSE4MqwjyXvW/TzgkLAx2AGHwQ==",
      "dev": true,
      "license": "Apache-2.0",
      "bin": {
        "tsc": "bin/tsc",
        "tsserver": "bin/tsserver"
      },
      "engines": {
        "node": ">=14.17"
      }
    }
  }
}
